
Microsoft Visual Studio Solution File, Format Version 12.00
# Visual Studio Version 16
VisualStudioVersion = 16.0.31624.102
MinimumVisualStudioVersion = 10.0.40219.1
Project("{888888A0-9F3D-457C-B088-3A5042F75D52}") = "Lab1Python", "Lab1Python.pyproj", "{3DB92C55-19B9-4169-9ED1-161AD188614B}"
EndProject
Global
	GlobalSection(SolutionConfigurationPlatforms) = preSolution
		Debug|Any CPU = Debug|Any CPU
		Release|Any CPU = Release|Any CPU
	EndGlobalSection
	GlobalSection(ProjectConfigurationPlatforms) = postSolution
		{3DB92C55-19B9-4169-9ED1-161AD188614B}.Debug|Any CPU.ActiveCfg = Debug|Any CPU
		{3DB92C55-19B9-4169-9ED1-161AD188614B}.Release|Any CPU.ActiveCfg = Release|Any CPU
	EndGlobalSection
	GlobalSection(SolutionProperties) = preSolution
		HideSolutionNode = FALSE
	EndGlobalSection
	GlobalSection(ExtensibilityGlobals) = postSolution
		SolutionGuid = {19C8C802-65BC-47E0-A708-80BAA91E542B}
	EndGlobalSection
EndGlobal
